
Microsoft Visual Studio Solution File, Format Version 12.00
# Visual Studio Version 17
VisualStudioVersion = 17.4.33213.308
MinimumVisualStudioVersion = 10.0.40219.1
Project("{9A19103F-16F7-4668-BE54-9A1E7A4F7556}") = "Test_Harjutus", "Test_Harjutus\Test_Harjutus.csproj", "{7FEC0121-0B45-4FE9-8F04-4E941FD4643C}"
EndProject
Project("{9A19103F-16F7-4668-BE54-9A1E7A4F7556}") = "Test_Harjutus_1", "Test_Harjutus_1\Test_Harjutus_1.csproj", "{7A26FA9E-D3E9-470E-A5A9-9EE7D98CD869}"
EndProject
Project("{9A19103F-16F7-4668-BE54-9A1E7A4F7556}") = "Test_Harjutus_2", "Test_Harjutus_2\Test_Harjutus_2.csproj", "{ACBDB4C9-5992-4541-B436-E24C9E706C63}"
EndProject
Project("{9A19103F-16F7-4668-BE54-9A1E7A4F7556}") = "Test_Harjutus_3", "Test_Harjutus_3\Test_Harjutus_3.csproj", "{17F5EF49-95F7-497E-9363-2E1CCD1AFF8E}"
EndProject
Project("{9A19103F-16F7-4668-BE54-9A1E7A4F7556}") = "Test_Harjutus_4", "Test_Harjutus_4\Test_Harjutus_4.csproj", "{466767C3-B1C6-4911-BE1C-576BBB2D0A20}"
EndProject
Project("{9A19103F-16F7-4668-BE54-9A1E7A4F7556}") = "Test_Harjutus_5", "Test_Harjutus_5\Test_Harjutus_5.csproj", "{9F956CF0-3FDA-4703-8617-8320078B8B86}"
EndProject
Project("{9A19103F-16F7-4668-BE54-9A1E7A4F7556}") = "Test_Harjutus_6", "Test_Harjutus_6\Test_Harjutus_6.csproj", "{7192C181-05FC-4F25-A640-D03E52445725}"
EndProject
Project("{FAE04EC0-301F-11D3-BF4B-00C04F79EFBC}") = "Test_Harjutus_7", "Test_Harjutus_7\Test_Harjutus_7.csproj", "{51898F95-F3AD-4B7F-86A6-6CB3CBFA7DEC}"
EndProject
Global
	GlobalSection(SolutionConfigurationPlatforms) = preSolution
		Debug|Any CPU = Debug|Any CPU
		Release|Any CPU = Release|Any CPU
	EndGlobalSection
	GlobalSection(ProjectConfigurationPlatforms) = postSolution
		{7FEC0121-0B45-4FE9-8F04-4E941FD4643C}.Debug|Any CPU.ActiveCfg = Debug|Any CPU
		{7FEC0121-0B45-4FE9-8F04-4E941FD4643C}.Debug|Any CPU.Build.0 = Debug|Any CPU
		{7FEC0121-0B45-4FE9-8F04-4E941FD4643C}.Release|Any CPU.ActiveCfg = Release|Any CPU
		{7FEC0121-0B45-4FE9-8F04-4E941FD4643C}.Release|Any CPU.Build.0 = Release|Any CPU
		{7A26FA9E-D3E9-470E-A5A9-9EE7D98CD869}.Debug|Any CPU.ActiveCfg = Debug|Any CPU
		{7A26FA9E-D3E9-470E-A5A9-9EE7D98CD869}.Debug|Any CPU.Build.0 = Debug|Any CPU
		{7A26FA9E-D3E9-470E-A5A9-9EE7D98CD869}.Release|Any CPU.ActiveCfg = Release|Any CPU
		{7A26FA9E-D3E9-470E-A5A9-9EE7D98CD869}.Release|Any CPU.Build.0 = Release|Any CPU
		{ACBDB4C9-5992-4541-B436-E24C9E706C63}.Debug|Any CPU.ActiveCfg = Debug|Any CPU
		{ACBDB4C9-5992-4541-B436-E24C9E706C63}.Debug|Any CPU.Build.0 = Debug|Any CPU
		{ACBDB4C9-5992-4541-B436-E24C9E706C63}.Release|Any CPU.ActiveCfg = Release|Any CPU
		{ACBDB4C9-5992-4541-B436-E24C9E706C63}.Release|Any CPU.Build.0 = Release|Any CPU
		{17F5EF49-95F7-497E-9363-2E1CCD1AFF8E}.Debug|Any CPU.ActiveCfg = Debug|Any CPU
		{17F5EF49-95F7-497E-9363-2E1CCD1AFF8E}.Debug|Any CPU.Build.0 = Debug|Any CPU
		{17F5EF49-95F7-497E-9363-2E1CCD1AFF8E}.Release|Any CPU.ActiveCfg = Release|Any CPU
		{17F5EF49-95F7-497E-9363-2E1CCD1AFF8E}.Release|Any CPU.Build.0 = Release|Any CPU
		{466767C3-B1C6-4911-BE1C-576BBB2D0A20}.Debug|Any CPU.ActiveCfg = Debug|Any CPU
		{466767C3-B1C6-4911-BE1C-576BBB2D0A20}.Debug|Any CPU.Build.0 = Debug|Any CPU
		{466767C3-B1C6-4911-BE1C-576BBB2D0A20}.Release|Any CPU.ActiveCfg = Release|Any CPU
		{466767C3-B1C6-4911-BE1C-576BBB2D0A20}.Release|Any CPU.Build.0 = Release|Any CPU
		{9F956CF0-3FDA-4703-8617-8320078B8B86}.Debug|Any CPU.ActiveCfg = Debug|Any CPU
		{9F956CF0-3FDA-4703-8617-8320078B8B86}.Debug|Any CPU.Build.0 = Debug|Any CPU
		{9F956CF0-3FDA-4703-8617-8320078B8B86}.Release|Any CPU.ActiveCfg = Release|Any CPU
		{9F956CF0-3FDA-4703-8617-8320078B8B86}.Release|Any CPU.Build.0 = Release|Any CPU
		{7192C181-05FC-4F25-A640-D03E52445725}.Debug|Any CPU.ActiveCfg = Debug|Any CPU
		{7192C181-05FC-4F25-A640-D03E52445725}.Debug|Any CPU.Build.0 = Debug|Any CPU
		{7192C181-05FC-4F25-A640-D03E52445725}.Release|Any CPU.ActiveCfg = Release|Any CPU
		{7192C181-05FC-4F25-A640-D03E52445725}.Release|Any CPU.Build.0 = Release|Any CPU
		{51898F95-F3AD-4B7F-86A6-6CB3CBFA7DEC}.Debug|Any CPU.ActiveCfg = Debug|Any CPU
		{51898F95-F3AD-4B7F-86A6-6CB3CBFA7DEC}.Debug|Any CPU.Build.0 = Debug|Any CPU
		{51898F95-F3AD-4B7F-86A6-6CB3CBFA7DEC}.Release|Any CPU.ActiveCfg = Release|Any CPU
		{51898F95-F3AD-4B7F-86A6-6CB3CBFA7DEC}.Release|Any CPU.Build.0 = Release|Any CPU
	EndGlobalSection
	GlobalSection(SolutionProperties) = preSolution
		HideSolutionNode = FALSE
	EndGlobalSection
	GlobalSection(ExtensibilityGlobals) = postSolution
		SolutionGuid = {0F8DE0CF-F525-42C5-8DD7-78BBC6C33A17}
	EndGlobalSection
EndGlobal
